
Microsoft Visual Studio Solution File, Format Version 12.00
# Visual Studio Version 17
VisualStudioVersion = 17.0.31903.59
MinimumVisualStudioVersion = 10.0.40219.1
Project("{2150E333-8FDC-42A3-9474-1A3956D46DE8}") = "src", "src", "{827E0CD3-B72D-47B6-A68D-7590B98EB39B}"
EndProject
Project("{FAE04EC0-301F-11D3-BF4B-00C04F79EFBC}") = "IV.RAG.Abstractions", "src\IV.RAG.Abstractions\IV.RAG.Abstractions.csproj", "{C50988A6-6066-4FCB-B708-9E432778263D}"
EndProject
Project("{FAE04EC0-301F-11D3-BF4B-00C04F79EFBC}") = "IV.RAG.Core", "src\IV.RAG.Core\IV.RAG.Core.csproj", "{7E873EF5-E18D-455E-B493-D40D560CA5D8}"
EndProject
Project("{FAE04EC0-301F-11D3-BF4B-00C04F79EFBC}") = "IV.RAG.Ollama", "src\IV.RAG.Ollama\IV.RAG.Ollama.csproj", "{D7AE232E-481D-4B0A-998F-92BFBC9B7DF0}"
EndProject
Project("{FAE04EC0-301F-11D3-BF4B-00C04F79EFBC}") = "IV.RAG.Postgres", "src\IV.RAG.Postgres\IV.RAG.Postgres.csproj", "{3468218B-19B9-49D3-B779-C98B79F92355}"
EndProject
Project("{FAE04EC0-301F-11D3-BF4B-00C04F79EFBC}") = "IV.RAG.Ingestion", "src\IV.RAG.Ingestion\IV.RAG.Ingestion.csproj", "{A1B2C3D4-E5F6-7890-ABCD-EF1234567890}"
EndProject
Project("{FAE04EC0-301F-11D3-BF4B-00C04F79EFBC}") = "IV.RAG.Remote.Http", "src\IV.RAG.Remote.Http\IV.RAG.Remote.Http.csproj", "{B2C3D4E5-F6A7-8901-BCDE-F12345678901}"
EndProject
Project("{2150E333-8FDC-42A3-9474-1A3956D46DE8}") = "tests", "tests", "{0AB3BF05-4346-4AA6-1389-037BE0695223}"
EndProject
Project("{2150E333-8FDC-42A3-9474-1A3956D46DE8}") = "unit", "unit", "{9D556B49-86D1-93A7-9596-FFAAB74EC556}"
EndProject
Project("{FAE04EC0-301F-11D3-BF4B-00C04F79EFBC}") = "IV.RAG.Core.Tests", "tests\unit\IV.RAG.Core.Tests\IV.RAG.Core.Tests.csproj", "{6D544FEA-B391-4AA1-88A5-65929C3DBC89}"
EndProject
Project("{FAE04EC0-301F-11D3-BF4B-00C04F79EFBC}") = "IV.RAG.Ollama.Tests", "tests\unit\IV.RAG.Ollama.Tests\IV.RAG.Ollama.Tests.csproj", "{96E1A8C4-8FE1-404B-9B95-C5E13005BDF1}"
EndProject
Project("{FAE04EC0-301F-11D3-BF4B-00C04F79EFBC}") = "IV.RAG.Postgres.Tests", "tests\unit\IV.RAG.Postgres.Tests\IV.RAG.Postgres.Tests.csproj", "{086539EF-7C00-4941-B2F2-29E82AFBCBD6}"
EndProject
Project("{2150E333-8FDC-42A3-9474-1A3956D46DE8}") = "integration", "integration", "{28A6993C-471E-82FE-7D9E-AD3B1EC22BD9}"
EndProject
Project("{FAE04EC0-301F-11D3-BF4B-00C04F79EFBC}") = "IV.RAG.IntegrationTests", "tests\integration\IV.RAG.IntegrationTests\IV.RAG.IntegrationTests.csproj", "{540B2315-B7C7-4F58-8E9D-E789860D84D5}"
EndProject
Project("{2150E333-8FDC-42A3-9474-1A3956D46DE8}") = "e2e", "e2e", "{0EB607AC-6329-6575-AD8B-E5558B048B88}"
EndProject
Project("{FAE04EC0-301F-11D3-BF4B-00C04F79EFBC}") = "IV.RAG.E2ETests", "tests\e2e\IV.RAG.E2ETests\IV.RAG.E2ETests.csproj", "{40C4DAFA-5499-4CD1-BB05-4159AA7A6974}"
EndProject
Global
	GlobalSection(SolutionConfigurationPlatforms) = preSolution
		Debug|Any CPU = Debug|Any CPU
		Debug|x64 = Debug|x64
		Debug|x86 = Debug|x86
		Release|Any CPU = Release|Any CPU
		Release|x64 = Release|x64
		Release|x86 = Release|x86
	EndGlobalSection
	GlobalSection(ProjectConfigurationPlatforms) = postSolution
		{C50988A6-6066-4FCB-B708-9E432778263D}.Debug|Any CPU.ActiveCfg = Debug|Any CPU
		{C50988A6-6066-4FCB-B708-9E432778263D}.Debug|Any CPU.Build.0 = Debug|Any CPU
		{C50988A6-6066-4FCB-B708-9E432778263D}.Debug|x64.ActiveCfg = Debug|Any CPU
		{C50988A6-6066-4FCB-B708-9E432778263D}.Debug|x64.Build.0 = Debug|Any CPU
		{C50988A6-6066-4FCB-B708-9E432778263D}.Debug|x86.ActiveCfg = Debug|Any CPU
		{C50988A6-6066-4FCB-B708-9E432778263D}.Debug|x86.Build.0 = Debug|Any CPU
		{C50988A6-6066-4FCB-B708-9E432778263D}.Release|Any CPU.ActiveCfg = Release|Any CPU
		{C50988A6-6066-4FCB-B708-9E432778263D}.Release|Any CPU.Build.0 = Release|Any CPU
		{C50988A6-6066-4FCB-B708-9E432778263D}.Release|x64.ActiveCfg = Release|Any CPU
		{C50988A6-6066-4FCB-B708-9E432778263D}.Release|x64.Build.0 = Release|Any CPU
		{C50988A6-6066-4FCB-B708-9E432778263D}.Release|x86.ActiveCfg = Release|Any CPU
		{C50988A6-6066-4FCB-B708-9E432778263D}.Release|x86.Build.0 = Release|Any CPU
		{7E873EF5-E18D-455E-B493-D40D560CA5D8}.Debug|Any CPU.ActiveCfg = Debug|Any CPU
		{7E873EF5-E18D-455E-B493-D40D560CA5D8}.Debug|Any CPU.Build.0 = Debug|Any CPU
		{7E873EF5-E18D-455E-B493-D40D560CA5D8}.Debug|x64.ActiveCfg = Debug|Any CPU
		{7E873EF5-E18D-455E-B493-D40D560CA5D8}.Debug|x64.Build.0 = Debug|Any CPU
		{7E873EF5-E18D-455E-B493-D40D560CA5D8}.Debug|x86.ActiveCfg = Debug|Any CPU
		{7E873EF5-E18D-455E-B493-D40D560CA5D8}.Debug|x86.Build.0 = Debug|Any CPU
		{7E873EF5-E18D-455E-B493-D40D560CA5D8}.Release|Any CPU.ActiveCfg = Release|Any CPU
		{7E873EF5-E18D-455E-B493-D40D560CA5D8}.Release|Any CPU.Build.0 = Release|Any CPU
		{7E873EF5-E18D-455E-B493-D40D560CA5D8}.Release|x64.ActiveCfg = Release|Any CPU
		{7E873EF5-E18D-455E-B493-D40D560CA5D8}.Release|x64.Build.0 = Release|Any CPU
		{7E873EF5-E18D-455E-B493-D40D560CA5D8}.Release|x86.ActiveCfg = Release|Any CPU
		{7E873EF5-E18D-455E-B493-D40D560CA5D8}.Release|x86.Build.0 = Release|Any CPU
		{D7AE232E-481D-4B0A-998F-92BFBC9B7DF0}.Debug|Any CPU.ActiveCfg = Debug|Any CPU
		{D7AE232E-481D-4B0A-998F-92BFBC9B7DF0}.Debug|Any CPU.Build.0 = Debug|Any CPU
		{D7AE232E-481D-4B0A-998F-92BFBC9B7DF0}.Debug|x64.ActiveCfg = Debug|Any CPU
		{D7AE232E-481D-4B0A-998F-92BFBC9B7DF0}.Debug|x64.Build.0 = Debug|Any CPU
		{D7AE232E-481D-4B0A-998F-92BFBC9B7DF0}.Debug|x86.ActiveCfg = Debug|Any CPU
		{D7AE232E-481D-4B0A-998F-92BFBC9B7DF0}.Debug|x86.Build.0 = Debug|Any CPU
		{D7AE232E-481D-4B0A-998F-92BFBC9B7DF0}.Release|Any CPU.ActiveCfg = Release|Any CPU
		{D7AE232E-481D-4B0A-998F-92BFBC9B7DF0}.Release|Any CPU.Build.0 = Release|Any CPU
		{D7AE232E-481D-4B0A-998F-92BFBC9B7DF0}.Release|x64.ActiveCfg = Release|Any CPU
		{D7AE232E-481D-4B0A-998F-92BFBC9B7DF0}.Release|x64.Build.0 = Release|Any CPU
		{D7AE232E-481D-4B0A-998F-92BFBC9B7DF0}.Release|x86.ActiveCfg = Release|Any CPU
		{D7AE232E-481D-4B0A-998F-92BFBC9B7DF0}.Release|x86.Build.0 = Release|Any CPU
		{3468218B-19B9-49D3-B779-C98B79F92355}.Debug|Any CPU.ActiveCfg = Debug|Any CPU
		{3468218B-19B9-49D3-B779-C98B79F92355}.Debug|Any CPU.Build.0 = Debug|Any CPU
		{3468218B-19B9-49D3-B779-C98B79F92355}.Debug|x64.ActiveCfg = Debug|Any CPU
		{3468218B-19B9-49D3-B779-C98B79F92355}.Debug|x64.Build.0 = Debug|Any CPU
		{3468218B-19B9-49D3-B779-C98B79F92355}.Debug|x86.ActiveCfg = Debug|Any CPU
		{3468218B-19B9-49D3-B779-C98B79F92355}.Debug|x86.Build.0 = Debug|Any CPU
		{3468218B-19B9-49D3-B779-C98B79F92355}.Release|Any CPU.ActiveCfg = Release|Any CPU
		{3468218B-19B9-49D3-B779-C98B79F92355}.Release|Any CPU.Build.0 = Release|Any CPU
		{3468218B-19B9-49D3-B779-C98B79F92355}.Release|x64.ActiveCfg = Release|Any CPU
		{3468218B-19B9-49D3-B779-C98B79F92355}.Release|x64.Build.0 = Release|Any CPU
		{3468218B-19B9-49D3-B779-C98B79F92355}.Release|x86.ActiveCfg = Release|Any CPU
		{3468218B-19B9-49D3-B779-C98B79F92355}.Release|x86.Build.0 = Release|Any CPU
		{A1B2C3D4-E5F6-7890-ABCD-EF1234567890}.Debug|Any CPU.ActiveCfg = Debug|Any CPU
		{A1B2C3D4-E5F6-7890-ABCD-EF1234567890}.Debug|Any CPU.Build.0 = Debug|Any CPU
		{A1B2C3D4-E5F6-7890-ABCD-EF1234567890}.Debug|x64.ActiveCfg = Debug|Any CPU
		{A1B2C3D4-E5F6-7890-ABCD-EF1234567890}.Debug|x64.Build.0 = Debug|Any CPU
		{A1B2C3D4-E5F6-7890-ABCD-EF1234567890}.Debug|x86.ActiveCfg = Debug|Any CPU
		{A1B2C3D4-E5F6-7890-ABCD-EF1234567890}.Debug|x86.Build.0 = Debug|Any CPU
		{A1B2C3D4-E5F6-7890-ABCD-EF1234567890}.Release|Any CPU.ActiveCfg = Release|Any CPU
		{A1B2C3D4-E5F6-7890-ABCD-EF1234567890}.Release|Any CPU.Build.0 = Release|Any CPU
		{A1B2C3D4-E5F6-7890-ABCD-EF1234567890}.Release|x64.ActiveCfg = Release|Any CPU
		{A1B2C3D4-E5F6-7890-ABCD-EF1234567890}.Release|x64.Build.0 = Release|Any CPU
		{A1B2C3D4-E5F6-7890-ABCD-EF1234567890}.Release|x86.ActiveCfg = Release|Any CPU
		{A1B2C3D4-E5F6-7890-ABCD-EF1234567890}.Release|x86.Build.0 = Release|Any CPU
		{B2C3D4E5-F6A7-8901-BCDE-F12345678901}.Debug|Any CPU.ActiveCfg = Debug|Any CPU
		{B2C3D4E5-F6A7-8901-BCDE-F12345678901}.Debug|Any CPU.Build.0 = Debug|Any CPU
		{B2C3D4E5-F6A7-8901-BCDE-F12345678901}.Debug|x64.ActiveCfg = Debug|Any CPU
		{B2C3D4E5-F6A7-8901-BCDE-F12345678901}.Debug|x64.Build.0 = Debug|Any CPU
		{B2C3D4E5-F6A7-8901-BCDE-F12345678901}.Debug|x86.ActiveCfg = Debug|Any CPU
		{B2C3D4E5-F6A7-8901-BCDE-F12345678901}.Debug|x86.Build.0 = Debug|Any CPU
		{B2C3D4E5-F6A7-8901-BCDE-F12345678901}.Release|Any CPU.ActiveCfg = Release|Any CPU
		{B2C3D4E5-F6A7-8901-BCDE-F12345678901}.Release|Any CPU.Build.0 = Release|Any CPU
		{B2C3D4E5-F6A7-8901-BCDE-F12345678901}.Release|x64.ActiveCfg = Release|Any CPU
		{B2C3D4E5-F6A7-8901-BCDE-F12345678901}.Release|x64.Build.0 = Release|Any CPU
		{B2C3D4E5-F6A7-8901-BCDE-F12345678901}.Release|x86.ActiveCfg = Release|Any CPU
		{B2C3D4E5-F6A7-8901-BCDE-F12345678901}.Release|x86.Build.0 = Release|Any CPU
		{6D544FEA-B391-4AA1-88A5-65929C3DBC89}.Debug|Any CPU.ActiveCfg = Debug|Any CPU
		{6D544FEA-B391-4AA1-88A5-65929C3DBC89}.Debug|Any CPU.Build.0 = Debug|Any CPU
		{6D544FEA-B391-4AA1-88A5-65929C3DBC89}.Debug|x64.ActiveCfg = Debug|Any CPU
		{6D544FEA-B391-4AA1-88A5-65929C3DBC89}.Debug|x64.Build.0 = Debug|Any CPU
		{6D544FEA-B391-4AA1-88A5-65929C3DBC89}.Debug|x86.ActiveCfg = Debug|Any CPU
		{6D544FEA-B391-4AA1-88A5-65929C3DBC89}.Debug|x86.Build.0 = Debug|Any CPU
		{6D544FEA-B391-4AA1-88A5-65929C3DBC89}.Release|Any CPU.ActiveCfg = Release|Any CPU
		{6D544FEA-B391-4AA1-88A5-65929C3DBC89}.Release|Any CPU.Build.0 = Release|Any CPU
		{6D544FEA-B391-4AA1-88A5-65929C3DBC89}.Release|x64.ActiveCfg = Release|Any CPU
		{6D544FEA-B391-4AA1-88A5-65929C3DBC89}.Release|x64.Build.0 = Release|Any CPU
		{6D544FEA-B391-4AA1-88A5-65929C3DBC89}.Release|x86.ActiveCfg = Release|Any CPU
		{6D544FEA-B391-4AA1-88A5-65929C3DBC89}.Release|x86.Build.0 = Release|Any CPU
		{96E1A8C4-8FE1-404B-9B95-C5E13005BDF1}.Debug|Any CPU.ActiveCfg = Debug|Any CPU
		{96E1A8C4-8FE1-404B-9B95-C5E13005BDF1}.Debug|Any CPU.Build.0 = Debug|Any CPU
		{96E1A8C4-8FE1-404B-9B95-C5E13005BDF1}.Debug|x64.ActiveCfg = Debug|Any CPU
		{96E1A8C4-8FE1-404B-9B95-C5E13005BDF1}.Debug|x64.Build.0 = Debug|Any CPU
		{96E1A8C4-8FE1-404B-9B95-C5E13005BDF1}.Debug|x86.ActiveCfg = Debug|Any CPU
		{96E1A8C4-8FE1-404B-9B95-C5E13005BDF1}.Debug|x86.Build.0 = Debug|Any CPU
		{96E1A8C4-8FE1-404B-9B95-C5E13005BDF1}.Release|Any CPU.ActiveCfg = Release|Any CPU
		{96E1A8C4-8FE1-404B-9B95-C5E13005BDF1}.Release|Any CPU.Build.0 = Release|Any CPU
		{96E1A8C4-8FE1-404B-9B95-C5E13005BDF1}.Release|x64.ActiveCfg = Release|Any CPU
		{96E1A8C4-8FE1-404B-9B95-C5E13005BDF1}.Release|x64.Build.0 = Release|Any CPU
		{96E1A8C4-8FE1-404B-9B95-C5E13005BDF1}.Release|x86.ActiveCfg = Release|Any CPU
		{96E1A8C4-8FE1-404B-9B95-C5E13005BDF1}.Release|x86.Build.0 = Release|Any CPU
		{086539EF-7C00-4941-B2F2-29E82AFBCBD6}.Debug|Any CPU.ActiveCfg = Debug|Any CPU
		{086539EF-7C00-4941-B2F2-29E82AFBCBD6}.Debug|Any CPU.Build.0 = Debug|Any CPU
		{086539EF-7C00-4941-B2F2-29E82AFBCBD6}.Debug|x64.ActiveCfg = Debug|Any CPU
		{086539EF-7C00-4941-B2F2-29E82AFBCBD6}.Debug|x64.Build.0 = Debug|Any CPU
		{086539EF-7C00-4941-B2F2-29E82AFBCBD6}.Debug|x86.ActiveCfg = Debug|Any CPU
		{086539EF-7C00-4941-B2F2-29E82AFBCBD6}.Debug|x86.Build.0 = Debug|Any CPU
		{086539EF-7C00-4941-B2F2-29E82AFBCBD6}.Release|Any CPU.ActiveCfg = Release|Any CPU
		{086539EF-7C00-4941-B2F2-29E82AFBCBD6}.Release|Any CPU.Build.0 = Release|Any CPU
		{086539EF-7C00-4941-B2F2-29E82AFBCBD6}.Release|x64.ActiveCfg = Release|Any CPU
		{086539EF-7C00-4941-B2F2-29E82AFBCBD6}.Release|x64.Build.0 = Release|Any CPU
		{086539EF-7C00-4941-B2F2-29E82AFBCBD6}.Release|x86.ActiveCfg = Release|Any CPU
		{086539EF-7C00-4941-B2F2-29E82AFBCBD6}.Release|x86.Build.0 = Release|Any CPU
		{540B2315-B7C7-4F58-8E9D-E789860D84D5}.Debug|Any CPU.ActiveCfg = Debug|Any CPU
		{540B2315-B7C7-4F58-8E9D-E789860D84D5}.Debug|Any CPU.Build.0 = Debug|Any CPU
		{540B2315-B7C7-4F58-8E9D-E789860D84D5}.Debug|x64.ActiveCfg = Debug|Any CPU
		{540B2315-B7C7-4F58-8E9D-E789860D84D5}.Debug|x64.Build.0 = Debug|Any CPU
		{540B2315-B7C7-4F58-8E9D-E789860D84D5}.Debug|x86.ActiveCfg = Debug|Any CPU
		{540B2315-B7C7-4F58-8E9D-E789860D84D5}.Debug|x86.Build.0 = Debug|Any CPU
		{540B2315-B7C7-4F58-8E9D-E789860D84D5}.Release|Any CPU.ActiveCfg = Release|Any CPU
		{540B2315-B7C7-4F58-8E9D-E789860D84D5}.Release|Any CPU.Build.0 = Release|Any CPU
		{540B2315-B7C7-4F58-8E9D-E789860D84D5}.Release|x64.ActiveCfg = Release|Any CPU
		{540B2315-B7C7-4F58-8E9D-E789860D84D5}.Release|x64.Build.0 = Release|Any CPU
		{540B2315-B7C7-4F58-8E9D-E789860D84D5}.Release|x86.ActiveCfg = Release|Any CPU
		{540B2315-B7C7-4F58-8E9D-E789860D84D5}.Release|x86.Build.0 = Release|Any CPU
		{40C4DAFA-5499-4CD1-BB05-4159AA7A6974}.Debug|Any CPU.ActiveCfg = Debug|Any CPU
		{40C4DAFA-5499-4CD1-BB05-4159AA7A6974}.Debug|Any CPU.Build.0 = Debug|Any CPU
		{40C4DAFA-5499-4CD1-BB05-4159AA7A6974}.Debug|x64.ActiveCfg = Debug|Any CPU
		{40C4DAFA-5499-4CD1-BB05-4159AA7A6974}.Debug|x64.Build.0 = Debug|Any CPU
		{40C4DAFA-5499-4CD1-BB05-4159AA7A6974}.Debug|x86.ActiveCfg = Debug|Any CPU
		{40C4DAFA-5499-4CD1-BB05-4159AA7A6974}.Debug|x86.Build.0 = Debug|Any CPU
		{40C4DAFA-5499-4CD1-BB05-4159AA7A6974}.Release|Any CPU.ActiveCfg = Release|Any CPU
		{40C4DAFA-5499-4CD1-BB05-4159AA7A6974}.Release|Any CPU.Build.0 = Release|Any CPU
		{40C4DAFA-5499-4CD1-BB05-4159AA7A6974}.Release|x64.ActiveCfg = Release|Any CPU
		{40C4DAFA-5499-4CD1-BB05-4159AA7A6974}.Release|x64.Build.0 = Release|Any CPU
		{40C4DAFA-5499-4CD1-BB05-4159AA7A6974}.Release|x86.ActiveCfg = Release|Any CPU
		{40C4DAFA-5499-4CD1-BB05-4159AA7A6974}.Release|x86.Build.0 = Release|Any CPU
	EndGlobalSection
	GlobalSection(SolutionProperties) = preSolution
		HideSolutionNode = FALSE
	EndGlobalSection
	GlobalSection(NestedProjects) = preSolution
		{C50988A6-6066-4FCB-B708-9E432778263D} = {827E0CD3-B72D-47B6-A68D-7590B98EB39B}
		{7E873EF5-E18D-455E-B493-D40D560CA5D8} = {827E0CD3-B72D-47B6-A68D-7590B98EB39B}
		{D7AE232E-481D-4B0A-998F-92BFBC9B7DF0} = {827E0CD3-B72D-47B6-A68D-7590B98EB39B}
		{3468218B-19B9-49D3-B779-C98B79F92355} = {827E0CD3-B72D-47B6-A68D-7590B98EB39B}
		{A1B2C3D4-E5F6-7890-ABCD-EF1234567890} = {827E0CD3-B72D-47B6-A68D-7590B98EB39B}
		{B2C3D4E5-F6A7-8901-BCDE-F12345678901} = {827E0CD3-B72D-47B6-A68D-7590B98EB39B}
		{9D556B49-86D1-93A7-9596-FFAAB74EC556} = {0AB3BF05-4346-4AA6-1389-037BE0695223}
		{6D544FEA-B391-4AA1-88A5-65929C3DBC89} = {9D556B49-86D1-93A7-9596-FFAAB74EC556}
		{96E1A8C4-8FE1-404B-9B95-C5E13005BDF1} = {9D556B49-86D1-93A7-9596-FFAAB74EC556}
		{086539EF-7C00-4941-B2F2-29E82AFBCBD6} = {9D556B49-86D1-93A7-9596-FFAAB74EC556}
		{28A6993C-471E-82FE-7D9E-AD3B1EC22BD9} = {0AB3BF05-4346-4AA6-1389-037BE0695223}
		{540B2315-B7C7-4F58-8E9D-E789860D84D5} = {28A6993C-471E-82FE-7D9E-AD3B1EC22BD9}
		{0EB607AC-6329-6575-AD8B-E5558B048B88} = {0AB3BF05-4346-4AA6-1389-037BE0695223}
		{40C4DAFA-5499-4CD1-BB05-4159AA7A6974} = {0EB607AC-6329-6575-AD8B-E5558B048B88}
	EndGlobalSection
EndGlobal
